
Microsoft Visual Studio Solution File, Format Version 12.00
# Visual Studio Version 16
VisualStudioVersion = 16.0.31005.135
MinimumVisualStudioVersion = 10.0.40219.1
Project("{FAE04EC0-301F-11D3-BF4B-00C04F79EFBC}") = "PersonalDepartmentDegtyannikovIN3802", "PersonalDepartmentDegtyannikovIN3802.csproj", "{160BA203-2FBB-47FB-A7E4-838A31714876}"
EndProject
Global
	GlobalSection(SolutionConfigurationPlatforms) = preSolution
		Debug|Any CPU = Debug|Any CPU
		Release|Any CPU = Release|Any CPU
	EndGlobalSection
	GlobalSection(ProjectConfigurationPlatforms) = postSolution
		{160BA203-2FBB-47FB-A7E4-838A31714876}.Debug|Any CPU.ActiveCfg = Debug|Any CPU
		{160BA203-2FBB-47FB-A7E4-838A31714876}.Debug|Any CPU.Build.0 = Debug|Any CPU
		{160BA203-2FBB-47FB-A7E4-838A31714876}.Release|Any CPU.ActiveCfg = Release|Any CPU
		{160BA203-2FBB-47FB-A7E4-838A31714876}.Release|Any CPU.Build.0 = Release|Any CPU
	EndGlobalSection
	GlobalSection(SolutionProperties) = preSolution
		HideSolutionNode = FALSE
	EndGlobalSection
	GlobalSection(ExtensibilityGlobals) = postSolution
		SolutionGuid = {6E01FCDF-FE06-4CD0-8741-B5B13869D560}
	EndGlobalSection
EndGlobal
